
Microsoft Visual Studio Solution File, Format Version 12.00
# Visual Studio Version 17
VisualStudioVersion = 17.5.33516.290
MinimumVisualStudioVersion = 10.0.40219.1
Project("{FAE04EC0-301F-11D3-BF4B-00C04F79EFBC}") = "Bacchanalia Sales", "Bacchanalia Sales\Bacchanalia Sales.csproj", "{45EE8201-9703-4852-BDF3-FD11929D051E}"
EndProject
Global
	GlobalSection(SolutionConfigurationPlatforms) = preSolution
		Debug|Any CPU = Debug|Any CPU
		Release|Any CPU = Release|Any CPU
	EndGlobalSection
	GlobalSection(ProjectConfigurationPlatforms) = postSolution
		{45EE8201-9703-4852-BDF3-FD11929D051E}.Debug|Any CPU.ActiveCfg = Debug|Any CPU
		{45EE8201-9703-4852-BDF3-FD11929D051E}.Debug|Any CPU.Build.0 = Debug|Any CPU
		{45EE8201-9703-4852-BDF3-FD11929D051E}.Release|Any CPU.ActiveCfg = Release|Any CPU
		{45EE8201-9703-4852-BDF3-FD11929D051E}.Release|Any CPU.Build.0 = Release|Any CPU
	EndGlobalSection
	GlobalSection(SolutionProperties) = preSolution
		HideSolutionNode = FALSE
	EndGlobalSection
	GlobalSection(ExtensibilityGlobals) = postSolution
		SolutionGuid = {3FF4BA76-FF45-452C-8E5B-2E1092CACF49}
	EndGlobalSection
EndGlobal
